// !$*UTF8*$!
{
	archiveVersion = 1;
	classes = {
	};
	objectVersion = 77;
	objects = {

/* Begin PBXContainerItemProxy section */
		3BBB5E002FD07005004BA7A9 /* PBXContainerItemProxy */ = {
			isa = PBXContainerItemProxy;
			containerPortal = 3BBB5DE82FD07004004BA7A9 /* Project object */;
			proxyType = 1;
			remoteGlobalIDString = 3BBB5DEF2FD07004004BA7A9;
			remoteInfo = DiskCleaner;
		};
		3BBB5E0A2FD07005004BA7A9 /* PBXContainerItemProxy */ = {
			isa = PBXContainerItemProxy;
			containerPortal = 3BBB5DE82FD07004004BA7A9 /* Project object */;
			proxyType = 1;
			remoteGlobalIDString = 3BBB5DEF2FD07004004BA7A9;
			remoteInfo = DiskCleaner;
		};
/* End PBXContainerItemProxy section */

/* Begin PBXFileReference section */
		3BBB5DF02FD07004004BA7A9 /* DiskCleaner.app */ = {isa = PBXFileReference; explicitFileType = wrapper.application; includeInIndex = 0; path = DiskCleaner.app; sourceTree = BUILT_PRODUCTS_DIR; };
		3BBB5DFF2FD07005004BA7A9 /* DiskCleanerTests.xctest */ = {isa = PBXFileReference; explicitFileType = wrapper.cfbundle; includeInIndex = 0; path = DiskCleanerTests.xctest; sourceTree = BUILT_PRODUCTS_DIR; };
		3BBB5E092FD07005004BA7A9 /* DiskCleanerUITests.xctest */ = {isa = PBXFileReference; explicitFileType = wrapper.cfbundle; includeInIndex = 0; path = DiskCleanerUITests.xctest; sourceTree = BUILT_PRODUCTS_DIR; };
/* End PBXFileReference section */

/* Begin PBXFileSystemSynchronizedRootGroup section */
		3BBB5DF22FD07004004BA7A9 /* DiskCleaner */ = {
			isa = PBXFileSystemSynchronizedRootGroup;
			path = DiskCleaner;
			sourceTree = "<group>";
		};
		3BBB5E022FD07005004BA7A9 /* DiskCleanerTests */ = {
			isa = PBXFileSystemSynchronizedRootGroup;
			path = DiskCleanerTests;
			sourceTree = "<group>";
		};
		3BBB5E0C2FD07005004BA7A9 /* DiskCleanerUITests */ = {
			isa = PBXFileSystemSynchronizedRootGroup;
			path = DiskCleanerUITests;
			sourceTree = "<group>";
		};
/* End PBXFileSystemSynchronizedRootGroup section */

/* Begin PBXFrameworksBuildPhase section */
		3BBB5DED2FD07004004BA7A9 /* Frameworks */ = {
			isa = PBXFrameworksBuildPhase;
			buildActionMask = 2147483647;
			files = (
			);
			runOnlyForDeploymentPostprocessing = 0;
		};
		3BBB5DFC2FD07005004BA7A9 /* Frameworks */ = {
			isa = PBXFrameworksBuildPhase;
			buildActionMask = 2147483647;
			files = (
			);
			runOnlyForDeploymentPostprocessing = 0;
		};
		3BBB5E062FD07005004BA7A9 /* Frameworks */ = {
			isa = PBXFrameworksBuildPhase;
			buildActionMask = 2147483647;
			files = (
			);
			runOnlyForDeploymentPostprocessing = 0;
		};
/* End PBXFrameworksBuildPhase section */

/* Begin PBXGroup section */
		3BBB5DE72FD07004004BA7A9 = {
			isa = PBXGroup;
			children = (
				3BBB5DF22FD07004004BA7A9 /* DiskCleaner */,
				3BBB5E022FD07005004BA7A9 /* DiskCleanerTests */,
				3BBB5E0C2FD07005004BA7A9 /* DiskCleanerUITests */,
				3BBB5DF12FD07004004BA7A9 /* Products */,
			);
			sourceTree = "<group>";
		};
		3BBB5DF12FD07004004BA7A9 /* Products */ = {
			isa = PBXGroup;
			children = (
				3BBB5DF02FD07004004BA7A9 /* DiskCleaner.app */,
				3BBB5DFF2FD07005004BA7A9 /* DiskCleanerTests.xctest */,
				3BBB5E092FD07005004BA7A9 /* DiskCleanerUITests.xctest */,
			);
			name = Products;
			sourceTree = "<group>";
		};
/* End PBXGroup section */

/* Begin PBXNativeTarget section */
		3BBB5DEF2FD07004004BA7A9 /* DiskCleaner */ = {
			isa = PBXNativeTarget;
			buildConfigurationList = 3BBB5E132FD07005004BA7A9 /* Build configuration list for PBXNativeTarget "DiskCleaner" */;
			buildPhases = (
				3BBB5DEC2FD07004004BA7A9 /* Sources */,
				3BBB5DED2FD07004004BA7A9 /* Frameworks */,
				3BBB5DEE2FD07004004BA7A9 /* Resources */,
			);
			buildRules = (
			);
			dependencies = (
			);
			fileSystemSynchronizedGroups = (
				3BBB5DF22FD07004004BA7A9 /* DiskCleaner */,
			);
			name = DiskCleaner;
			packageProductDependencies = (
			);
			productName = DiskCleaner;
			productReference = 3BBB5DF02FD07004004BA7A9 /* DiskCleaner.app */;
			productType = "com.apple.product-type.application";
		};
		3BBB5DFE2FD07005004BA7A9 /* DiskCleanerTests */ = {
			isa = PBXNativeTarget;
			buildConfigurationList = 3BBB5E162FD07005004BA7A9 /* Build configuration list for PBXNativeTarget "DiskCleanerTests" */;
			buildPhases = (
				3BBB5DFB2FD07005004BA7A9 /* Sources */,
				3BBB5DFC2FD07005004BA7A9 /* Frameworks */,
				3BBB5DFD2FD07005004BA7A9 /* Resources */,
			);
			buildRules = (
			);
			dependencies = (
				3BBB5E012FD07005004BA7A9 /* PBXTargetDependency */,
			);
			fileSystemSynchronizedGroups = (
				3BBB5E022FD07005004BA7A9 /* DiskCleanerTests */,
			);
			name = DiskCleanerTests;
			packageProductDependencies = (
			);
			productName = DiskCleanerTests;
			productReference = 3BBB5DFF2FD07005004BA7A9 /* DiskCleanerTests.xctest */;
			productType = "com.apple.product-type.bundle.unit-test";
		};
		3BBB5E082FD07005004BA7A9 /* DiskCleanerUITests */ = {
			isa = PBXNativeTarget;
			buildConfigurationList = 3BBB5E192FD07005004BA7A9 /* Build configuration list for PBXNativeTarget "DiskCleanerUITests" */;
			buildPhases = (
				3BBB5E052FD07005004BA7A9 /* Sources */,
				3BBB5E062FD07005004BA7A9 /* Frameworks */,
				3BBB5E072FD07005004BA7A9 /* Resources */,
			);
			buildRules = (
			);
			dependencies = (
				3BBB5E0B2FD07005004BA7A9 /* PBXTargetDependency */,
			);
			fileSystemSynchronizedGroups = (
				3BBB5E0C2FD07005004BA7A9 /* DiskCleanerUITests */,
			);
			name = DiskCleanerUITests;
			packageProductDependencies = (
			);
			productName = DiskCleanerUITests;
			productReference = 3BBB5E092FD07005004BA7A9 /* DiskCleanerUITests.xctest */;
			productType = "com.apple.product-type.bundle.ui-testing";
		};
/* End PBXNativeTarget section */

/* Begin PBXProject section */
		3BBB5DE82FD07004004BA7A9 /* Project object */ = {
			isa = PBXProject;
			attributes = {
				BuildIndependentTargetsInParallel = 1;
				LastSwiftUpdateCheck = 2650;
				LastUpgradeCheck = 2650;
				TargetAttributes = {
					3BBB5DEF2FD07004004BA7A9 = {
						CreatedOnToolsVersion = 26.5;
					};
					3BBB5DFE2FD07005004BA7A9 = {
						CreatedOnToolsVersion = 26.5;
						TestTargetID = 3BBB5DEF2FD07004004BA7A9;
					};
					3BBB5E082FD07005004BA7A9 = {
						CreatedOnToolsVersion = 26.5;
						TestTargetID = 3BBB5DEF2FD07004004BA7A9;
					};
				};
			};
			buildConfigurationList = 3BBB5DEB2FD07004004BA7A9 /* Build configuration list for PBXProject "DiskCleaner" */;
			developmentRegion = en;
			hasScannedForEncodings = 0;
			knownRegions = (
				en,
				Base,
			);
			mainGroup = 3BBB5DE72FD07004004BA7A9;
			minimizedProjectReferenceProxies = 1;
			preferredProjectObjectVersion = 77;
			productRefGroup = 3BBB5DF12FD07004004BA7A9 /* Products */;
			projectDirPath = "";
			projectRoot = "";
			targets = (
				3BBB5DEF2FD07004004BA7A9 /* DiskCleaner */,
				3BBB5DFE2FD07005004BA7A9 /* DiskCleanerTests */,
				3BBB5E082FD07005004BA7A9 /* DiskCleanerUITests */,
			);
		};
/* End PBXProject section */

/* Begin PBXResourcesBuildPhase section */
		3BBB5DEE2FD07004004BA7A9 /* Resources */ = {
			isa = PBXResourcesBuildPhase;
			buildActionMask = 2147483647;
			files = (
			);
			runOnlyForDeploymentPostprocessing = 0;
		};
		3BBB5DFD2FD07005004BA7A9 /* Resources */ = {
			isa = PBXResourcesBuildPhase;
			buildActionMask = 2147483647;
			files = (
			);
			runOnlyForDeploymentPostprocessing = 0;
		};
		3BBB5E072FD07005004BA7A9 /* Resources */ = {
			isa = PBXResourcesBuildPhase;
			buildActionMask = 2147483647;
			files = (
			);
			runOnlyForDeploymentPostprocessing = 0;
		};
/* End PBXResourcesBuildPhase section */

/* Begin PBXSourcesBuildPhase section */
		3BBB5DEC2FD07004004BA7A9 /* Sources */ = {
			isa = PBXSourcesBuildPhase;
			buildActionMask = 2147483647;
			files = (
			);
			runOnlyForDeploymentPostprocessing = 0;
		};
		3BBB5DFB2FD07005004BA7A9 /* Sources */ = {
			isa = PBXSourcesBuildPhase;
			buildActionMask = 2147483647;
			files = (
			);
			runOnlyForDeploymentPostprocessing = 0;
		};
		3BBB5E052FD07005004BA7A9 /* Sources */ = {
			isa = PBXSourcesBuildPhase;
			buildActionMask = 2147483647;
			files = (
			);
			runOnlyForDeploymentPostprocessing = 0;
		};
/* End PBXSourcesBuildPhase section */

/* Begin PBXTargetDependency section */
		3BBB5E012FD07005004BA7A9 /* PBXTargetDependency */ = {
			isa = PBXTargetDependency;
			target = 3BBB5DEF2FD07004004BA7A9 /* DiskCleaner */;
			targetProxy = 3BBB5E002FD07005004BA7A9 /* PBXContainerItemProxy */;
		};
		3BBB5E0B2FD07005004BA7A9 /* PBXTargetDependency */ = {
			isa = PBXTargetDependency;
			target = 3BBB5DEF2FD07004004BA7A9 /* DiskCleaner */;
			targetProxy = 3BBB5E0A2FD07005004BA7A9 /* PBXContainerItemProxy */;
		};
/* End PBXTargetDependency section */

/* Begin XCBuildConfiguration section */
		3BBB5E112FD07005004BA7A9 /* Debug */ = {
			isa = XCBuildConfiguration;
			buildSettings = {
				ALWAYS_SEARCH_USER_PATHS = NO;
				ASSETCATALOG_COMPILER_GENERATE_SWIFT_ASSET_SYMBOL_EXTENSIONS = YES;
				CLANG_ANALYZER_NONNULL = YES;
				CLANG_ANALYZER_NUMBER_OBJECT_CONVERSION = YES_AGGRESSIVE;
				CLANG_CXX_LANGUAGE_STANDARD = "gnu++20";
				CLANG_ENABLE_MODULES = YES;
				CLANG_ENABLE_OBJC_ARC = YES;
				CLANG_ENABLE_OBJC_WEAK = YES;
				CLANG_WARN_BLOCK_CAPTURE_AUTORELEASING = YES;
				CLANG_WARN_BOOL_CONVERSION = YES;
				CLANG_WARN_COMMA = YES;
				CLANG_WARN_CONSTANT_CONVERSION = YES;
				CLANG_WARN_DEPRECATED_OBJC_IMPLEMENTATIONS = YES;
				CLANG_WARN_DIRECT_OBJC_ISA_USAGE = YES_ERROR;
				CLANG_WARN_DOCUMENTATION_COMMENTS = YES;
				CLANG_WARN_EMPTY_BODY = YES;
				CLANG_WARN_ENUM_CONVERSION = YES;
				CLANG_WARN_INFINITE_RECURSION = YES;
				CLANG_WARN_INT_CONVERSION = YES;
				CLANG_WARN_NON_LITERAL_NULL_CONVERSION = YES;
				CLANG_WARN_OBJC_IMPLICIT_RETAIN_SELF = YES;
				CLANG_WARN_OBJC_LITERAL_CONVERSION = YES;
				CLANG_WARN_OBJC_ROOT_CLASS = YES_ERROR;
				CLANG_WARN_QUOTED_INCLUDE_IN_FRAMEWORK_HEADER = YES;
				CLANG_WARN_RANGE_LOOP_ANALYSIS = YES;
				CLANG_WARN_STRICT_PROTOTYPES = YES;
				CLANG_WARN_SUSPICIOUS_MOVE = YES;
				CLANG_WARN_UNGUARDED_AVAILABILITY = YES_AGGRESSIVE;
				CLANG_WARN_UNREACHABLE_CODE = YES;
				CLANG_WARN__DUPLICATE_METHOD_MATCH = YES;
				COPY_PHASE_STRIP = NO;
				DEBUG_INFORMATION_FORMAT = dwarf;
				DEVELOPMENT_TEAM = 3YC6FVCX64;
				ENABLE_STRICT_OBJC_MSGSEND = YES;
				ENABLE_TESTABILITY = YES;
				ENABLE_USER_SCRIPT_SANDBOXING = YES;
				GCC_C_LANGUAGE_STANDARD = gnu17;
				GCC_DYNAMIC_NO_PIC = NO;
				GCC_NO_COMMON_BLOCKS = YES;
				GCC_OPTIMIZATION_LEVEL = 0;
				GCC_PREPROCESSOR_DEFINITIONS = (
					"DEBUG=1",
					"$(inherited)",
				);
				GCC_WARN_64_TO_32_BIT_CONVERSION = YES;
				GCC_WARN_ABOUT_RETURN_TYPE = YES_ERROR;
				GCC_WARN_UNDECLARED_SELECTOR = YES;
				GCC_WARN_UNINITIALIZED_AUTOS = YES_AGGRESSIVE;
				GCC_WARN_UNUSED_FUNCTION = YES;
				GCC_WARN_UNUSED_VARIABLE = YES;
				LOCALIZATION_PREFERS_STRING_CATALOGS = YES;
				MACOSX_DEPLOYMENT_TARGET = 26.3;
				MTL_ENABLE_DEBUG_INFO = INCLUDE_SOURCE;
				MTL_FAST_MATH = YES;
				ONLY_ACTIVE_ARCH = YES;
				SDKROOT = macosx;
				SWIFT_ACTIVE_COMPILATION_CONDITIONS = "DEBUG $(inherited)";
				SWIFT_OPTIMIZATION_LEVEL = "-Onone";
			};
			name = Debug;
		};
		3BBB5E122FD07005004BA7A9 /* Release */ = {
			isa = XCBuildConfiguration;
			buildSettings = {
				ALWAYS_SEARCH_USER_PATHS = NO;
				ASSETCATALOG_COMPILER_GENERATE_SWIFT_ASSET_SYMBOL_EXTENSIONS = YES;
				CLANG_ANALYZER_NONNULL = YES;
				CLANG_ANALYZER_NUMBER_OBJECT_CONVERSION = YES_AGGRESSIVE;
				CLANG_CXX_LANGUAGE_STANDARD = "gnu++20";
				CLANG_ENABLE_MODULES = YES;
				CLANG_ENABLE_OBJC_ARC = YES;
				CLANG_ENABLE_OBJC_WEAK = YES;
				CLANG_WARN_BLOCK_CAPTURE_AUTORELEASING = YES;
				CLANG_WARN_BOOL_CONVERSION = YES;
				CLANG_WARN_COMMA = YES;
				CLANG_WARN_CONSTANT_CONVERSION = YES;
				CLANG_WARN_DEPRECATED_OBJC_IMPLEMENTATIONS = YES;
				CLANG_WARN_DIRECT_OBJC_ISA_USAGE = YES_ERROR;
				CLANG_WARN_DOCUMENTATION_COMMENTS = YES;
				CLANG_WARN_EMPTY_BODY = YES;
				CLANG_WARN_ENUM_CONVERSION = YES;
				CLANG_WARN_INFINITE_RECURSION = YES;
				CLANG_WARN_INT_CONVERSION = YES;
				CLANG_WARN_NON_LITERAL_NULL_CONVERSION = YES;
				CLANG_WARN_OBJC_IMPLICIT_RETAIN_SELF = YES;
				CLANG_WARN_OBJC_LITERAL_CONVERSION = YES;
				CLANG_WARN_OBJC_ROOT_CLASS = YES_ERROR;
				CLANG_WARN_QUOTED_INCLUDE_IN_FRAMEWORK_HEADER = YES;
				CLANG_WARN_RANGE_LOOP_ANALYSIS = YES;
				CLANG_WARN_STRICT_PROTOTYPES = YES;
				CLANG_WARN_SUSPICIOUS_MOVE = YES;
				CLANG_WARN_UNGUARDED_AVAILABILITY = YES_AGGRESSIVE;
				CLANG_WARN_UNREACHABLE_CODE = YES;
				CLANG_WARN__DUPLICATE_METHOD_MATCH = YES;
				COPY_PHASE_STRIP = NO;
				DEBUG_INFORMATION_FORMAT = "dwarf-with-dsym";
				DEVELOPMENT_TEAM = 3YC6FVCX64;
				ENABLE_NS_ASSERTIONS = NO;
				ENABLE_STRICT_OBJC_MSGSEND = YES;
				ENABLE_USER_SCRIPT_SANDBOXING = YES;
				GCC_C_LANGUAGE_STANDARD = gnu17;
				GCC_NO_COMMON_BLOCKS = YES;
				GCC_WARN_64_TO_32_BIT_CONVERSION = YES;
				GCC_WARN_ABOUT_RETURN_TYPE = YES_ERROR;
				GCC_WARN_UNDECLARED_SELECTOR = YES;
				GCC_WARN_UNINITIALIZED_AUTOS = YES_AGGRESSIVE;
				GCC_WARN_UNUSED_FUNCTION = YES;
				GCC_WARN_UNUSED_VARIABLE = YES;
				LOCALIZATION_PREFERS_STRING_CATALOGS = YES;
				MACOSX_DEPLOYMENT_TARGET = 26.3;
				MTL_ENABLE_DEBUG_INFO = NO;
				MTL_FAST_MATH = YES;
				SDKROOT = macosx;
				SWIFT_COMPILATION_MODE = wholemodule;
			};
			name = Release;
		};
		3BBB5E142FD07005004BA7A9 /* Debug */ = {
			isa = XCBuildConfiguration;
			buildSettings = {
				ASSETCATALOG_COMPILER_APPICON_NAME = AppIcon;
				ASSETCATALOG_COMPILER_GLOBAL_ACCENT_COLOR_NAME = AccentColor;
				CODE_SIGN_STYLE = Automatic;
				COMBINE_HIDPI_IMAGES = YES;
				CURRENT_PROJECT_VERSION = 1;
				DEVELOPMENT_TEAM = 3YC6FVCX64;
				ENABLE_APP_SANDBOX = YES;
				ENABLE_HARDENED_RUNTIME = YES;
				ENABLE_PREVIEWS = YES;
				ENABLE_USER_SELECTED_FILES = readonly;
				GENERATE_INFOPLIST_FILE = YES;
				INFOPLIST_KEY_NSHumanReadableCopyright = "";
				LD_RUNPATH_SEARCH_PATHS = (
					"$(inherited)",
					"@executable_path/../Frameworks",
				);
				MARKETING_VERSION = 1.0;
				PRODUCT_BUNDLE_IDENTIFIER = com.eaiccc.DiskCleaner;
				PRODUCT_NAME = "$(TARGET_NAME)";
				REGISTER_APP_GROUPS = YES;
				STRING_CATALOG_GENERATE_SYMBOLS = YES;
				SWIFT_APPROACHABLE_CONCURRENCY = YES;
				SWIFT_DEFAULT_ACTOR_ISOLATION = MainActor;
				SWIFT_EMIT_LOC_STRINGS = YES;
				SWIFT_UPCOMING_FEATURE_MEMBER_IMPORT_VISIBILITY = YES;
				SWIFT_VERSION = 5.0;
			};
			name = Debug;
		};
		3BBB5E152FD07005004BA7A9 /* Release */ = {
			isa = XCBuildConfiguration;
			buildSettings = {
				ASSETCATALOG_COMPILER_APPICON_NAME = AppIcon;
				ASSETCATALOG_COMPILER_GLOBAL_ACCENT_COLOR_NAME = AccentColor;
				CODE_SIGN_STYLE = Automatic;
				COMBINE_HIDPI_IMAGES = YES;
				CURRENT_PROJECT_VERSION = 1;
				DEVELOPMENT_TEAM = 3YC6FVCX64;
				ENABLE_APP_SANDBOX = YES;
				ENABLE_HARDENED_RUNTIME = YES;
				ENABLE_PREVIEWS = YES;
				ENABLE_USER_SELECTED_FILES = readonly;
				GENERATE_INFOPLIST_FILE = YES;
				INFOPLIST_KEY_NSHumanReadableCopyright = "";
				LD_RUNPATH_SEARCH_PATHS = (
					"$(inherited)",
					"@executable_path/../Frameworks",
				);
				MARKETING_VERSION = 1.0;
				PRODUCT_BUNDLE_IDENTIFIER = com.eaiccc.DiskCleaner;
				PRODUCT_NAME = "$(TARGET_NAME)";
				REGISTER_APP_GROUPS = YES;
				STRING_CATALOG_GENERATE_SYMBOLS = YES;
				SWIFT_APPROACHABLE_CONCURRENCY = YES;
				SWIFT_DEFAULT_ACTOR_ISOLATION = MainActor;
				SWIFT_EMIT_LOC_STRINGS = YES;
				SWIFT_UPCOMING_FEATURE_MEMBER_IMPORT_VISIBILITY = YES;
				SWIFT_VERSION = 5.0;
			};
			name = Release;
		};
		3BBB5E172FD07005004BA7A9 /* Debug */ = {
			isa = XCBuildConfiguration;
			buildSettings = {
				BUNDLE_LOADER = "$(TEST_HOST)";
				CODE_SIGN_STYLE = Automatic;
				CURRENT_PROJECT_VERSION = 1;
				DEVELOPMENT_TEAM = 3YC6FVCX64;
				GENERATE_INFOPLIST_FILE = YES;
				MACOSX_DEPLOYMENT_TARGET = 26.3;
				MARKETING_VERSION = 1.0;
				PRODUCT_BUNDLE_IDENTIFIER = com.eaiccc.DiskCleanerTests;
				PRODUCT_NAME = "$(TARGET_NAME)";
				STRING_CATALOG_GENERATE_SYMBOLS = NO;
				SWIFT_APPROACHABLE_CONCURRENCY = YES;
				SWIFT_EMIT_LOC_STRINGS = NO;
				SWIFT_UPCOMING_FEATURE_MEMBER_IMPORT_VISIBILITY = YES;
				SWIFT_VERSION = 5.0;
				TEST_HOST = "$(BUILT_PRODUCTS_DIR)/DiskCleaner.app/$(BUNDLE_EXECUTABLE_FOLDER_PATH)/DiskCleaner";
			};
			name = Debug;
		};
		3BBB5E182FD07005004BA7A9 /* Release */ = {
			isa = XCBuildConfiguration;
			buildSettings = {
				BUNDLE_LOADER = "$(TEST_HOST)";
				CODE_SIGN_STYLE = Automatic;
				CURRENT_PROJECT_VERSION = 1;
				DEVELOPMENT_TEAM = 3YC6FVCX64;
				GENERATE_INFOPLIST_FILE = YES;
				MACOSX_DEPLOYMENT_TARGET = 26.3;
				MARKETING_VERSION = 1.0;
				PRODUCT_BUNDLE_IDENTIFIER = com.eaiccc.DiskCleanerTests;
				PRODUCT_NAME = "$(TARGET_NAME)";
				STRING_CATALOG_GENERATE_SYMBOLS = NO;
				SWIFT_APPROACHABLE_CONCURRENCY = YES;
				SWIFT_EMIT_LOC_STRINGS = NO;
				SWIFT_UPCOMING_FEATURE_MEMBER_IMPORT_VISIBILITY = YES;
				SWIFT_VERSION = 5.0;
				TEST_HOST = "$(BUILT_PRODUCTS_DIR)/DiskCleaner.app/$(BUNDLE_EXECUTABLE_FOLDER_PATH)/DiskCleaner";
			};
			name = Release;
		};
		3BBB5E1A2FD07005004BA7A9 /* Debug */ = {
			isa = XCBuildConfiguration;
			buildSettings = {
				CODE_SIGN_STYLE = Automatic;
				CURRENT_PROJECT_VERSION = 1;
				DEVELOPMENT_TEAM = 3YC6FVCX64;
				GENERATE_INFOPLIST_FILE = YES;
				MARKETING_VERSION = 1.0;
				PRODUCT_BUNDLE_IDENTIFIER = com.eaiccc.DiskCleanerUITests;
				PRODUCT_NAME = "$(TARGET_NAME)";
				STRING_CATALOG_GENERATE_SYMBOLS = NO;
				SWIFT_APPROACHABLE_CONCURRENCY = YES;
				SWIFT_EMIT_LOC_STRINGS = NO;
				SWIFT_UPCOMING_FEATURE_MEMBER_IMPORT_VISIBILITY = YES;
				SWIFT_VERSION = 5.0;
				TEST_TARGET_NAME = DiskCleaner;
			};
			name = Debug;
		};
		3BBB5E1B2FD07005004BA7A9 /* Release */ = {
			isa = XCBuildConfiguration;
			buildSettings = {
				CODE_SIGN_STYLE = Automatic;
				CURRENT_PROJECT_VERSION = 1;
				DEVELOPMENT_TEAM = 3YC6FVCX64;
				GENERATE_INFOPLIST_FILE = YES;
				MARKETING_VERSION = 1.0;
				PRODUCT_BUNDLE_IDENTIFIER = com.eaiccc.DiskCleanerUITests;
				PRODUCT_NAME = "$(TARGET_NAME)";
				STRING_CATALOG_GENERATE_SYMBOLS = NO;
				SWIFT_APPROACHABLE_CONCURRENCY = YES;
				SWIFT_EMIT_LOC_STRINGS = NO;
				SWIFT_UPCOMING_FEATURE_MEMBER_IMPORT_VISIBILITY = YES;
				SWIFT_VERSION = 5.0;
				TEST_TARGET_NAME = DiskCleaner;
			};
			name = Release;
		};
/* End XCBuildConfiguration section */

/* Begin XCConfigurationList section */
		3BBB5DEB2FD07004004BA7A9 /* Build configuration list for PBXProject "DiskCleaner" */ = {
			isa = XCConfigurationList;
			buildConfigurations = (
				3BBB5E112FD07005004BA7A9 /* Debug */,
				3BBB5E122FD07005004BA7A9 /* Release */,
			);
			defaultConfigurationIsVisible = 0;
			defaultConfigurationName = Release;
		};
		3BBB5E132FD07005004BA7A9 /* Build configuration list for PBXNativeTarget "DiskCleaner" */ = {
			isa = XCConfigurationList;
			buildConfigurations = (
				3BBB5E142FD07005004BA7A9 /* Debug */,
				3BBB5E152FD07005004BA7A9 /* Release */,
			);
			defaultConfigurationIsVisible = 0;
			defaultConfigurationName = Release;
		};
		3BBB5E162FD07005004BA7A9 /* Build configuration list for PBXNativeTarget "DiskCleanerTests" */ = {
			isa = XCConfigurationList;
			buildConfigurations = (
				3BBB5E172FD07005004BA7A9 /* Debug */,
				3BBB5E182FD07005004BA7A9 /* Release */,
			);
			defaultConfigurationIsVisible = 0;
			defaultConfigurationName = Release;
		};
		3BBB5E192FD07005004BA7A9 /* Build configuration list for PBXNativeTarget "DiskCleanerUITests" */ = {
			isa = XCConfigurationList;
			buildConfigurations = (
				3BBB5E1A2FD07005004BA7A9 /* Debug */,
				3BBB5E1B2FD07005004BA7A9 /* Release */,
			);
			defaultConfigurationIsVisible = 0;
			defaultConfigurationName = Release;
		};
/* End XCConfigurationList section */
	};
	rootObject = 3BBB5DE82FD07004004BA7A9 /* Project object */;
}
